
Microsoft Visual Studio Solution File, Format Version 12.00
# Visual Studio Version 17
VisualStudioVersion = 17.5.002.0
MinimumVisualStudioVersion = 10.0.40219.1
Project("{9A19103F-16F7-4668-BE54-9A1E7A4F7556}") = "fahrenheightToCelcius", "fahrenheightToCelcius.csproj", "{1C00BE04-777C-42DC-A57E-961DC61CD317}"
EndProject
Global
	GlobalSection(SolutionConfigurationPlatforms) = preSolution
		Debug|Any CPU = Debug|Any CPU
		Release|Any CPU = Release|Any CPU
	EndGlobalSection
	GlobalSection(ProjectConfigurationPlatforms) = postSolution
		{1C00BE04-777C-42DC-A57E-961DC61CD317}.Debug|Any CPU.ActiveCfg = Debug|Any CPU
		{1C00BE04-777C-42DC-A57E-961DC61CD317}.Debug|Any CPU.Build.0 = Debug|Any CPU
		{1C00BE04-777C-42DC-A57E-961DC61CD317}.Release|Any CPU.ActiveCfg = Release|Any CPU
		{1C00BE04-777C-42DC-A57E-961DC61CD317}.Release|Any CPU.Build.0 = Release|Any CPU
	EndGlobalSection
	GlobalSection(SolutionProperties) = preSolution
		HideSolutionNode = FALSE
	EndGlobalSection
	GlobalSection(ExtensibilityGlobals) = postSolution
		SolutionGuid = {2BD601C7-9F18-42E5-9A9F-4113DE365C5F}
	EndGlobalSection
EndGlobal
